// !$*UTF8*$!
{
	archiveVersion = 1;
	classes = {
	};
	objectVersion = 56;
	objects = {

/* Begin PBXBuildFile section */
		A10000000000000000000012 /* Gmak8Kit in Frameworks */ = {isa = PBXBuildFile; productRef = A10000000000000000000011 /* Gmak8Kit */; };
		A10000000000000000000015 /* Gmak8App.swift in Sources */ = {isa = PBXBuildFile; fileRef = A10000000000000000000013 /* Gmak8App.swift */; };
		A10000000000000000000016 /* ContentView.swift in Sources */ = {isa = PBXBuildFile; fileRef = A10000000000000000000014 /* ContentView.swift */; };
		A10000000000000000000023 /* Gmak8AppTests.swift in Sources */ = {isa = PBXBuildFile; fileRef = A1000000000000000000001A /* Gmak8AppTests.swift */; };
		A10000000000000000000024 /* Gmak8Kit in Frameworks */ = {isa = PBXBuildFile; productRef = A10000000000000000000025 /* Gmak8Kit */; };
		A20000000000000000000003 /* Gmak8XPC in Frameworks */ = {isa = PBXBuildFile; productRef = A20000000000000000000002 /* Gmak8XPC */; };
		A20000000000000000000006 /* main.swift in Sources */ = {isa = PBXBuildFile; fileRef = A20000000000000000000005 /* main.swift */; };
		A2000000000000000000000E /* Gmak8XPC in Frameworks */ = {isa = PBXBuildFile; productRef = A2000000000000000000000D /* Gmak8XPC */; };
		A20000000000000000000010 /* Gmak8Kit in Frameworks */ = {isa = PBXBuildFile; productRef = A2000000000000000000000F /* Gmak8Kit */; };
		A20000000000000000000016 /* gmak8-core in Embed gmak8-core */ = {isa = PBXBuildFile; fileRef = A20000000000000000000004 /* gmak8-core */; settings = {ATTRIBUTES = (CodeSignOnCopy, ); }; };
		A20000000000000000000018 /* dev.gmak8.core.plist in Embed LaunchAgents */ = {isa = PBXBuildFile; fileRef = A20000000000000000000013 /* dev.gmak8.core.plist */; };
		A2000000000000000000001C /* Gmak8XPC in Frameworks */ = {isa = PBXBuildFile; productRef = A2000000000000000000001B /* Gmak8XPC */; };
		A2000000000000000000001E /* EngineStubTests.swift in Sources */ = {isa = PBXBuildFile; fileRef = A2000000000000000000001D /* EngineStubTests.swift */; };
		A30000000000000000000003 /* ArgumentParser in Frameworks */ = {isa = PBXBuildFile; productRef = A30000000000000000000002 /* ArgumentParser */; };
		A30000000000000000000010 /* Gmak8Kit in Frameworks */ = {isa = PBXBuildFile; productRef = A3000000000000000000001D /* Gmak8Kit */; };
		A30000000000000000000011 /* Gmak8XPC in Frameworks */ = {isa = PBXBuildFile; productRef = A3000000000000000000001E /* Gmak8XPC */; };
		A30000000000000000000012 /* Gmak8CLI.swift in Sources */ = {isa = PBXBuildFile; fileRef = A30000000000000000000005 /* Gmak8CLI.swift */; };
		A30000000000000000000013 /* EngineClient.swift in Sources */ = {isa = PBXBuildFile; fileRef = A30000000000000000000006 /* EngineClient.swift */; };
		A30000000000000000000014 /* StatusText.swift in Sources */ = {isa = PBXBuildFile; fileRef = A30000000000000000000007 /* StatusText.swift */; };
		A30000000000000000000015 /* EngineClient.swift in Sources */ = {isa = PBXBuildFile; fileRef = A30000000000000000000006 /* EngineClient.swift */; };
		A30000000000000000000016 /* StatusText.swift in Sources */ = {isa = PBXBuildFile; fileRef = A30000000000000000000007 /* StatusText.swift */; };
		A30000000000000000000017 /* CLITests.swift in Sources */ = {isa = PBXBuildFile; fileRef = A3000000000000000000001B /* CLITests.swift */; };
		A30000000000000000000018 /* gmak8 in Embed gmak8 CLI */ = {isa = PBXBuildFile; fileRef = A30000000000000000000004 /* gmak8 */; settings = {ATTRIBUTES = (CodeSignOnCopy, ); }; };
		A40000000000000000000003 /* Gmak8Virtualization in Frameworks */ = {isa = PBXBuildFile; productRef = A40000000000000000000002 /* Gmak8Virtualization */; };
		A40000000000000000000005 /* CoreVirtualMachineRuntime.swift in Sources */ = {isa = PBXBuildFile; fileRef = A40000000000000000000004 /* CoreVirtualMachineRuntime.swift */; };
		A60000000000000000000003 /* Gmak8GuestClient in Frameworks */ = {isa = PBXBuildFile; productRef = A60000000000000000000002 /* Gmak8GuestClient */; };
		A70000000000000000000002 /* MenuBarIconAppearance.swift in Sources */ = {isa = PBXBuildFile; fileRef = A70000000000000000000001 /* MenuBarIconAppearance.swift */; };
		A70000000000000000000003 /* MenuBarIconAppearance.swift in Sources */ = {isa = PBXBuildFile; fileRef = A70000000000000000000001 /* MenuBarIconAppearance.swift */; };
		A70000000000000000000005 /* QuitPolicy.swift in Sources */ = {isa = PBXBuildFile; fileRef = A70000000000000000000004 /* QuitPolicy.swift */; };
		A70000000000000000000006 /* QuitPolicy.swift in Sources */ = {isa = PBXBuildFile; fileRef = A70000000000000000000004 /* QuitPolicy.swift */; };
		A70000000000000000000008 /* StatusPresentation.swift in Sources */ = {isa = PBXBuildFile; fileRef = A70000000000000000000007 /* StatusPresentation.swift */; };
		A70000000000000000000009 /* StatusPresentation.swift in Sources */ = {isa = PBXBuildFile; fileRef = A70000000000000000000007 /* StatusPresentation.swift */; };
		A7000000000000000000000B /* TerminalLauncher.swift in Sources */ = {isa = PBXBuildFile; fileRef = A7000000000000000000000A /* TerminalLauncher.swift */; };
		A7000000000000000000000C /* TerminalLauncher.swift in Sources */ = {isa = PBXBuildFile; fileRef = A7000000000000000000000A /* TerminalLauncher.swift */; };
		A7000000000000000000000E /* ClusterSession.swift in Sources */ = {isa = PBXBuildFile; fileRef = A7000000000000000000000D /* ClusterSession.swift */; };
		A70000000000000000000010 /* SettingsStore.swift in Sources */ = {isa = PBXBuildFile; fileRef = A7000000000000000000000F /* SettingsStore.swift */; };
		A70000000000000000000012 /* MenuBarPopover.swift in Sources */ = {isa = PBXBuildFile; fileRef = A70000000000000000000011 /* MenuBarPopover.swift */; };
		A70000000000000000000014 /* SettingsView.swift in Sources */ = {isa = PBXBuildFile; fileRef = A70000000000000000000013 /* SettingsView.swift */; };
		A70000000000000000000016 /* Gmak8AppDelegate.swift in Sources */ = {isa = PBXBuildFile; fileRef = A70000000000000000000015 /* Gmak8AppDelegate.swift */; };
		A70000000000000000000017 /* EngineClient.swift in Sources */ = {isa = PBXBuildFile; fileRef = A30000000000000000000006 /* EngineClient.swift */; };
		A70000000000000000000018 /* StatusText.swift in Sources */ = {isa = PBXBuildFile; fileRef = A30000000000000000000007 /* StatusText.swift */; };
		A80000000000000000000002 /* OnboardingView.swift in Sources */ = {isa = PBXBuildFile; fileRef = A80000000000000000000001 /* OnboardingView.swift */; };
		A80000000000000000000004 /* OnboardingSession.swift in Sources */ = {isa = PBXBuildFile; fileRef = A80000000000000000000003 /* OnboardingSession.swift */; };
		A80000000000000000000006 /* RecoveryView.swift in Sources */ = {isa = PBXBuildFile; fileRef = A80000000000000000000005 /* RecoveryView.swift */; };
		A80000000000000000000008 /* ClusterAssetSession.swift in Sources */ = {isa = PBXBuildFile; fileRef = A80000000000000000000007 /* ClusterAssetSession.swift */; };
		A8000000000000000000000A /* ClusterAssetsView.swift in Sources */ = {isa = PBXBuildFile; fileRef = A80000000000000000000009 /* ClusterAssetsView.swift */; };
		A8000000000000000000000C /* SetupSession.swift in Sources */ = {isa = PBXBuildFile; fileRef = A8000000000000000000000B /* SetupSession.swift */; };
		A8000000000000000000000E /* SetupSplitView.swift in Sources */ = {isa = PBXBuildFile; fileRef = A8000000000000000000000D /* SetupSplitView.swift */; };
		A90000000000000000000003 /* Sparkle in Frameworks */ = {isa = PBXBuildFile; productRef = A90000000000000000000002 /* Sparkle */; };
		A90000000000000000000005 /* SparkleUpdateController.swift in Sources */ = {isa = PBXBuildFile; fileRef = A90000000000000000000004 /* SparkleUpdateController.swift */; };
		A11000000000000000000003 /* Gmak8Kubernetes in Frameworks */ = {isa = PBXBuildFile; productRef = A11000000000000000000002 /* Gmak8Kubernetes */; };
		A11000000000000000000005 /* ClusterOverviewView.swift in Sources */ = {isa = PBXBuildFile; fileRef = A11000000000000000000004 /* ClusterOverviewView.swift */; };
		A11000000000000000000007 /* ClusterOverviewSession.swift in Sources */ = {isa = PBXBuildFile; fileRef = A11000000000000000000006 /* ClusterOverviewSession.swift */; };
		A11000000000000000000009 /* MainSplitView.swift in Sources */ = {isa = PBXBuildFile; fileRef = A11000000000000000000008 /* MainSplitView.swift */; };
		A1100000000000000000000B /* Gmak8Kubernetes in Frameworks */ = {isa = PBXBuildFile; productRef = A1100000000000000000000A /* Gmak8Kubernetes */; };
		A12000000000000000000002 /* WorkloadsView.swift in Sources */ = {isa = PBXBuildFile; fileRef = A12000000000000000000001 /* WorkloadsView.swift */; };
		A12000000000000000000004 /* WorkloadsSession.swift in Sources */ = {isa = PBXBuildFile; fileRef = A12000000000000000000003 /* WorkloadsSession.swift */; };
		A12000000000000000000006 /* PodDetailView.swift in Sources */ = {isa = PBXBuildFile; fileRef = A12000000000000000000005 /* PodDetailView.swift */; };
/* End PBXBuildFile section */

/* Begin PBXContainerItemProxy section */
		A10000000000000000000027 /* PBXContainerItemProxy */ = {
			isa = PBXContainerItemProxy;
			containerPortal = A10000000000000000000001 /* Project object */;
			proxyType = 1;
			remoteGlobalIDString = A10000000000000000000002;
			remoteInfo = gmak8;
		};
		A20000000000000000000019 /* PBXContainerItemProxy */ = {
			isa = PBXContainerItemProxy;
			containerPortal = A10000000000000000000001 /* Project object */;
			proxyType = 1;
			remoteGlobalIDString = A20000000000000000000007;
			remoteInfo = "gmak8-core";
		};
		A30000000000000000000019 /* PBXContainerItemProxy */ = {
			isa = PBXContainerItemProxy;
			containerPortal = A10000000000000000000001 /* Project object */;
			proxyType = 1;
			remoteGlobalIDString = A30000000000000000000009;
			remoteInfo = "gmak8-cli";
		};
/* End PBXContainerItemProxy section */

/* Begin PBXCopyFilesBuildPhase section */
		A20000000000000000000015 /* Embed gmak8-core */ = {
			isa = PBXCopyFilesBuildPhase;
			buildActionMask = 2147483647;
			dstPath = "";
			dstSubfolderSpec = 6;
			files = (
				A20000000000000000000016 /* gmak8-core in Embed gmak8-core */,
			);
			name = "Embed gmak8-core";
			runOnlyForDeploymentPostprocessing = 0;
		};
		A20000000000000000000017 /* Embed LaunchAgents */ = {
			isa = PBXCopyFilesBuildPhase;
			buildActionMask = 2147483647;
			dstPath = Contents/Library/LaunchAgents;
			dstSubfolderSpec = 1;
			files = (
				A20000000000000000000018 /* dev.gmak8.core.plist in Embed LaunchAgents */,
			);
			name = "Embed LaunchAgents";
			runOnlyForDeploymentPostprocessing = 0;
		};
		A3000000000000000000001A /* Embed gmak8 CLI */ = {
			isa = PBXCopyFilesBuildPhase;
			buildActionMask = 2147483647;
			dstPath = Contents/Helpers;
			dstSubfolderSpec = 1;
			files = (
				A30000000000000000000018 /* gmak8 in Embed gmak8 CLI */,
			);
			name = "Embed gmak8 CLI";
			runOnlyForDeploymentPostprocessing = 0;
		};
/* End PBXCopyFilesBuildPhase section */

/* Begin PBXFileReference section */
		A10000000000000000000006 /* gmak8.app */ = {isa = PBXFileReference; explicitFileType = wrapper.application; includeInIndex = 0; path = gmak8.app; sourceTree = BUILT_PRODUCTS_DIR; };
		A10000000000000000000013 /* Gmak8App.swift */ = {isa = PBXFileReference; lastKnownFileType = sourcecode.swift; path = Gmak8App.swift; sourceTree = "<group>"; };
		A10000000000000000000014 /* ContentView.swift */ = {isa = PBXFileReference; lastKnownFileType = sourcecode.swift; path = ContentView.swift; sourceTree = "<group>"; };
		A10000000000000000000018 /* gmak8.entitlements */ = {isa = PBXFileReference; lastKnownFileType = text.plist.entitlements; path = gmak8.entitlements; sourceTree = "<group>"; };
		A1000000000000000000001A /* Gmak8AppTests.swift */ = {isa = PBXFileReference; lastKnownFileType = sourcecode.swift; path = Gmak8AppTests.swift; sourceTree = "<group>"; };
		A1000000000000000000001C /* gmak8Tests.xctest */ = {isa = PBXFileReference; explicitFileType = wrapper.cfbundle; includeInIndex = 0; path = gmak8Tests.xctest; sourceTree = BUILT_PRODUCTS_DIR; };
		A20000000000000000000004 /* gmak8-core */ = {isa = PBXFileReference; explicitFileType = "compiled.mach-o.executable"; includeInIndex = 0; path = "gmak8-core"; sourceTree = BUILT_PRODUCTS_DIR; };
		A20000000000000000000005 /* main.swift */ = {isa = PBXFileReference; lastKnownFileType = sourcecode.swift; path = main.swift; sourceTree = "<group>"; };
		A20000000000000000000011 /* gmak8-core.entitlements */ = {isa = PBXFileReference; lastKnownFileType = text.plist.entitlements; path = "gmak8-core.entitlements"; sourceTree = "<group>"; };
		A20000000000000000000013 /* dev.gmak8.core.plist */ = {isa = PBXFileReference; lastKnownFileType = text.plist.xml; path = "dev.gmak8.core.plist"; sourceTree = "<group>"; };
		A2000000000000000000001D /* EngineStubTests.swift */ = {isa = PBXFileReference; lastKnownFileType = sourcecode.swift; path = EngineStubTests.swift; sourceTree = "<group>"; };
		A30000000000000000000004 /* gmak8 */ = {isa = PBXFileReference; explicitFileType = "compiled.mach-o.executable"; includeInIndex = 0; path = gmak8; sourceTree = BUILT_PRODUCTS_DIR; };
		A30000000000000000000005 /* Gmak8CLI.swift */ = {isa = PBXFileReference; lastKnownFileType = sourcecode.swift; path = Gmak8CLI.swift; sourceTree = "<group>"; };
		A30000000000000000000006 /* EngineClient.swift */ = {isa = PBXFileReference; lastKnownFileType = sourcecode.swift; path = EngineClient.swift; sourceTree = "<group>"; };
		A30000000000000000000007 /* StatusText.swift */ = {isa = PBXFileReference; lastKnownFileType = sourcecode.swift; path = StatusText.swift; sourceTree = "<group>"; };
		A3000000000000000000001B /* CLITests.swift */ = {isa = PBXFileReference; lastKnownFileType = sourcecode.swift; path = CLITests.swift; sourceTree = "<group>"; };
		A40000000000000000000004 /* CoreVirtualMachineRuntime.swift */ = {isa = PBXFileReference; lastKnownFileType = sourcecode.swift; path = CoreVirtualMachineRuntime.swift; sourceTree = "<group>"; };
		A70000000000000000000001 /* MenuBarIconAppearance.swift */ = {isa = PBXFileReference; lastKnownFileType = sourcecode.swift; path = MenuBarIconAppearance.swift; sourceTree = "<group>"; };
		A70000000000000000000004 /* QuitPolicy.swift */ = {isa = PBXFileReference; lastKnownFileType = sourcecode.swift; path = QuitPolicy.swift; sourceTree = "<group>"; };
		A70000000000000000000007 /* StatusPresentation.swift */ = {isa = PBXFileReference; lastKnownFileType = sourcecode.swift; path = StatusPresentation.swift; sourceTree = "<group>"; };
		A7000000000000000000000A /* TerminalLauncher.swift */ = {isa = PBXFileReference; lastKnownFileType = sourcecode.swift; path = TerminalLauncher.swift; sourceTree = "<group>"; };
		A7000000000000000000000D /* ClusterSession.swift */ = {isa = PBXFileReference; lastKnownFileType = sourcecode.swift; path = ClusterSession.swift; sourceTree = "<group>"; };
		A7000000000000000000000F /* SettingsStore.swift */ = {isa = PBXFileReference; lastKnownFileType = sourcecode.swift; path = SettingsStore.swift; sourceTree = "<group>"; };
		A70000000000000000000011 /* MenuBarPopover.swift */ = {isa = PBXFileReference; lastKnownFileType = sourcecode.swift; path = MenuBarPopover.swift; sourceTree = "<group>"; };
		A70000000000000000000013 /* SettingsView.swift */ = {isa = PBXFileReference; lastKnownFileType = sourcecode.swift; path = SettingsView.swift; sourceTree = "<group>"; };
		A70000000000000000000015 /* Gmak8AppDelegate.swift */ = {isa = PBXFileReference; lastKnownFileType = sourcecode.swift; path = Gmak8AppDelegate.swift; sourceTree = "<group>"; };
		A80000000000000000000001 /* OnboardingView.swift */ = {isa = PBXFileReference; lastKnownFileType = sourcecode.swift; path = OnboardingView.swift; sourceTree = "<group>"; };
		A80000000000000000000003 /* OnboardingSession.swift */ = {isa = PBXFileReference; lastKnownFileType = sourcecode.swift; path = OnboardingSession.swift; sourceTree = "<group>"; };
		A80000000000000000000005 /* RecoveryView.swift */ = {isa = PBXFileReference; lastKnownFileType = sourcecode.swift; path = RecoveryView.swift; sourceTree = "<group>"; };
		A80000000000000000000007 /* ClusterAssetSession.swift */ = {isa = PBXFileReference; lastKnownFileType = sourcecode.swift; path = ClusterAssetSession.swift; sourceTree = "<group>"; };
		A80000000000000000000009 /* ClusterAssetsView.swift */ = {isa = PBXFileReference; lastKnownFileType = sourcecode.swift; path = ClusterAssetsView.swift; sourceTree = "<group>"; };
		A8000000000000000000000B /* SetupSession.swift */ = {isa = PBXFileReference; lastKnownFileType = sourcecode.swift; path = SetupSession.swift; sourceTree = "<group>"; };
		A8000000000000000000000D /* SetupSplitView.swift */ = {isa = PBXFileReference; lastKnownFileType = sourcecode.swift; path = SetupSplitView.swift; sourceTree = "<group>"; };
		A90000000000000000000004 /* SparkleUpdateController.swift */ = {isa = PBXFileReference; lastKnownFileType = sourcecode.swift; path = SparkleUpdateController.swift; sourceTree = "<group>"; };
		A90000000000000000000006 /* Info.plist */ = {isa = PBXFileReference; lastKnownFileType = text.plist.xml; path = Info.plist; sourceTree = "<group>"; };
		A11000000000000000000004 /* ClusterOverviewView.swift */ = {isa = PBXFileReference; lastKnownFileType = sourcecode.swift; path = ClusterOverviewView.swift; sourceTree = "<group>"; };
		A11000000000000000000006 /* ClusterOverviewSession.swift */ = {isa = PBXFileReference; lastKnownFileType = sourcecode.swift; path = ClusterOverviewSession.swift; sourceTree = "<group>"; };
		A11000000000000000000008 /* MainSplitView.swift */ = {isa = PBXFileReference; lastKnownFileType = sourcecode.swift; path = MainSplitView.swift; sourceTree = "<group>"; };
		A12000000000000000000001 /* WorkloadsView.swift */ = {isa = PBXFileReference; lastKnownFileType = sourcecode.swift; path = WorkloadsView.swift; sourceTree = "<group>"; };
		A12000000000000000000003 /* WorkloadsSession.swift */ = {isa = PBXFileReference; lastKnownFileType = sourcecode.swift; path = WorkloadsSession.swift; sourceTree = "<group>"; };
		A12000000000000000000005 /* PodDetailView.swift */ = {isa = PBXFileReference; lastKnownFileType = sourcecode.swift; path = PodDetailView.swift; sourceTree = "<group>"; };
/* End PBXFileReference section */

/* Begin PBXFrameworksBuildPhase section */
		A10000000000000000000004 /* Frameworks */ = {
			isa = PBXFrameworksBuildPhase;
			buildActionMask = 2147483647;
			files = (
				A10000000000000000000012 /* Gmak8Kit in Frameworks */,
				A20000000000000000000003 /* Gmak8XPC in Frameworks */,
				A11000000000000000000003 /* Gmak8Kubernetes in Frameworks */,
				A90000000000000000000003 /* Sparkle in Frameworks */,
			);
			runOnlyForDeploymentPostprocessing = 0;
		};
		A1000000000000000000001E /* Frameworks */ = {
			isa = PBXFrameworksBuildPhase;
			buildActionMask = 2147483647;
			files = (
				A10000000000000000000024 /* Gmak8Kit in Frameworks */,
				A2000000000000000000001C /* Gmak8XPC in Frameworks */,
				A1100000000000000000000B /* Gmak8Kubernetes in Frameworks */,
			);
			runOnlyForDeploymentPostprocessing = 0;
		};
		A20000000000000000000009 /* Frameworks */ = {
			isa = PBXFrameworksBuildPhase;
			buildActionMask = 2147483647;
			files = (
				A20000000000000000000010 /* Gmak8Kit in Frameworks */,
				A2000000000000000000000E /* Gmak8XPC in Frameworks */,
				A40000000000000000000003 /* Gmak8Virtualization in Frameworks */,
				A60000000000000000000003 /* Gmak8GuestClient in Frameworks */,
			);
			runOnlyForDeploymentPostprocessing = 0;
		};
		A3000000000000000000000E /* Frameworks */ = {
			isa = PBXFrameworksBuildPhase;
			buildActionMask = 2147483647;
			files = (
				A30000000000000000000010 /* Gmak8Kit in Frameworks */,
				A30000000000000000000011 /* Gmak8XPC in Frameworks */,
				A30000000000000000000003 /* ArgumentParser in Frameworks */,
			);
			runOnlyForDeploymentPostprocessing = 0;
		};
/* End PBXFrameworksBuildPhase section */

/* Begin PBXGroup section */
		A10000000000000000000007 = {
			isa = PBXGroup;
			children = (
				A10000000000000000000008 /* App */,
				A20000000000000000000014 /* Gmak8Core */,
				A30000000000000000000008 /* CLI */,
				A10000000000000000000019 /* Tests */,
				A10000000000000000000017 /* Entitlements */,
				A10000000000000000000009 /* Products */,
			);
			sourceTree = "<group>";
		};
		A10000000000000000000008 /* App */ = {
			isa = PBXGroup;
			children = (
				A10000000000000000000013 /* Gmak8App.swift */,
				A70000000000000000000015 /* Gmak8AppDelegate.swift */,
				A10000000000000000000014 /* ContentView.swift */,
				A7000000000000000000000D /* ClusterSession.swift */,
				A70000000000000000000001 /* MenuBarIconAppearance.swift */,
				A70000000000000000000011 /* MenuBarPopover.swift */,
				A70000000000000000000004 /* QuitPolicy.swift */,
				A7000000000000000000000F /* SettingsStore.swift */,
				A70000000000000000000013 /* SettingsView.swift */,
				A80000000000000000000003 /* OnboardingSession.swift */,
				A80000000000000000000007 /* ClusterAssetSession.swift */,
				A80000000000000000000009 /* ClusterAssetsView.swift */,
				A8000000000000000000000B /* SetupSession.swift */,
				A8000000000000000000000D /* SetupSplitView.swift */,
				A11000000000000000000008 /* MainSplitView.swift */,
				A11000000000000000000006 /* ClusterOverviewSession.swift */,
				A11000000000000000000004 /* ClusterOverviewView.swift */,
				A12000000000000000000007 /* Workloads */,
				A80000000000000000000001 /* OnboardingView.swift */,
				A80000000000000000000005 /* RecoveryView.swift */,
				A90000000000000000000004 /* SparkleUpdateController.swift */,
				A90000000000000000000006 /* Info.plist */,
				A70000000000000000000007 /* StatusPresentation.swift */,
				A7000000000000000000000A /* TerminalLauncher.swift */,
			);
			path = App;
			sourceTree = "<group>";
		};
		A12000000000000000000007 /* Workloads */ = {
			isa = PBXGroup;
			children = (
				A12000000000000000000003 /* WorkloadsSession.swift */,
				A12000000000000000000001 /* WorkloadsView.swift */,
				A12000000000000000000005 /* PodDetailView.swift */,
			);
			path = Workloads;
			sourceTree = "<group>";
		};
		A10000000000000000000009 /* Products */ = {
			isa = PBXGroup;
			children = (
				A10000000000000000000006 /* gmak8.app */,
				A1000000000000000000001C /* gmak8Tests.xctest */,
				A20000000000000000000004 /* gmak8-core */,
				A30000000000000000000004 /* gmak8 */,
			);
			name = Products;
			sourceTree = "<group>";
		};
		A10000000000000000000017 /* Entitlements */ = {
			isa = PBXGroup;
			children = (
				A10000000000000000000018 /* gmak8.entitlements */,
				A20000000000000000000011 /* gmak8-core.entitlements */,
			);
			path = Entitlements;
			sourceTree = "<group>";
		};
		A10000000000000000000019 /* Tests */ = {
			isa = PBXGroup;
			children = (
				A1000000000000000000001A /* Gmak8AppTests.swift */,
				A2000000000000000000001D /* EngineStubTests.swift */,
				A3000000000000000000001B /* CLITests.swift */,
			);
			path = Tests;
			sourceTree = "<group>";
		};
		A20000000000000000000014 /* Gmak8Core */ = {
			isa = PBXGroup;
			children = (
				A20000000000000000000005 /* main.swift */,
				A40000000000000000000004 /* CoreVirtualMachineRuntime.swift */,
				A20000000000000000000013 /* dev.gmak8.core.plist */,
			);
			path = Gmak8Core;
			sourceTree = "<group>";
		};
		A30000000000000000000008 /* CLI */ = {
			isa = PBXGroup;
			children = (
				A30000000000000000000005 /* Gmak8CLI.swift */,
				A30000000000000000000006 /* EngineClient.swift */,
				A30000000000000000000007 /* StatusText.swift */,
			);
			path = CLI;
			sourceTree = "<group>";
		};
/* End PBXGroup section */

/* Begin PBXNativeTarget section */
		A10000000000000000000002 /* gmak8 */ = {
			isa = PBXNativeTarget;
			buildConfigurationList = A1000000000000000000000B /* Build configuration list for PBXNativeTarget "gmak8" */;
			buildPhases = (
				A10000000000000000000003 /* Sources */,
				A10000000000000000000004 /* Frameworks */,
				A10000000000000000000005 /* Resources */,
				A20000000000000000000015 /* Embed gmak8-core */,
				A20000000000000000000017 /* Embed LaunchAgents */,
				A3000000000000000000001A /* Embed gmak8 CLI */,
				A50000000000000000000001 /* Embed gvproxy */,
			);
			buildRules = (
			);
			dependencies = (
				A2000000000000000000001A /* PBXTargetDependency */,
				A3000000000000000000001C /* PBXTargetDependency */,
			);
			name = gmak8;
			packageProductDependencies = (
				A10000000000000000000011 /* Gmak8Kit */,
				A20000000000000000000002 /* Gmak8XPC */,
				A11000000000000000000002 /* Gmak8Kubernetes */,
				A90000000000000000000002 /* Sparkle */,
			);
			productName = gmak8;
			productReference = A10000000000000000000006 /* gmak8.app */;
			productType = "com.apple.product-type.application";
		};
		A1000000000000000000001B /* gmak8Tests */ = {
			isa = PBXNativeTarget;
			buildConfigurationList = A10000000000000000000020 /* Build configuration list for PBXNativeTarget "gmak8Tests" */;
			buildPhases = (
				A1000000000000000000001D /* Sources */,
				A1000000000000000000001E /* Frameworks */,
				A1000000000000000000001F /* Resources */,
			);
			buildRules = (
			);
			dependencies = (
				A10000000000000000000026 /* PBXTargetDependency */,
			);
			name = gmak8Tests;
			packageProductDependencies = (
				A10000000000000000000025 /* Gmak8Kit */,
				A2000000000000000000001B /* Gmak8XPC */,
				A1100000000000000000000A /* Gmak8Kubernetes */,
			);
			productName = gmak8Tests;
			productReference = A1000000000000000000001C /* gmak8Tests.xctest */;
			productType = "com.apple.product-type.bundle.unit-test";
		};
		A20000000000000000000007 /* gmak8-core */ = {
			isa = PBXNativeTarget;
			buildConfigurationList = A2000000000000000000000C /* Build configuration list for PBXNativeTarget "gmak8-core" */;
			buildPhases = (
				A20000000000000000000008 /* Sources */,
				A20000000000000000000009 /* Frameworks */,
			);
			buildRules = (
			);
			dependencies = (
			);
			name = "gmak8-core";
			packageProductDependencies = (
				A2000000000000000000000F /* Gmak8Kit */,
				A2000000000000000000000D /* Gmak8XPC */,
				A40000000000000000000002 /* Gmak8Virtualization */,
				A60000000000000000000002 /* Gmak8GuestClient */,
			);
			productName = "gmak8-core";
			productReference = A20000000000000000000004 /* gmak8-core */;
			productType = "com.apple.product-type.tool";
		};
		A30000000000000000000009 /* gmak8-cli */ = {
			isa = PBXNativeTarget;
			buildConfigurationList = A3000000000000000000000C /* Build configuration list for PBXNativeTarget "gmak8-cli" */;
			buildPhases = (
				A3000000000000000000000D /* Sources */,
				A3000000000000000000000E /* Frameworks */,
			);
			buildRules = (
			);
			dependencies = (
			);
			name = "gmak8-cli";
			packageProductDependencies = (
				A3000000000000000000001D /* Gmak8Kit */,
				A3000000000000000000001E /* Gmak8XPC */,
				A30000000000000000000002 /* ArgumentParser */,
			);
			productName = gmak8;
			productReference = A30000000000000000000004 /* gmak8 */;
			productType = "com.apple.product-type.tool";
		};
/* End PBXNativeTarget section */

/* Begin PBXProject section */
		A10000000000000000000001 /* Project object */ = {
			isa = PBXProject;
			attributes = {
				BuildIndependentTargetsInParallel = 1;
				LastSwiftUpdateCheck = 2600;
				LastUpgradeCheck = 2600;
				TargetAttributes = {
					A10000000000000000000002 = {
						CreatedOnToolsVersion = 26.0;
					};
					A1000000000000000000001B = {
						CreatedOnToolsVersion = 26.0;
					};
					A20000000000000000000007 = {
						CreatedOnToolsVersion = 26.0;
					};
					A30000000000000000000009 = {
						CreatedOnToolsVersion = 26.0;
					};
				};
			};
			buildConfigurationList = A1000000000000000000000A /* Build configuration list for PBXProject "gmak8" */;
			compatibilityVersion = "Xcode 14.0";
			developmentRegion = en;
			hasScannedForEncodings = 0;
			knownRegions = (
				en,
				Base,
			);
			mainGroup = A10000000000000000000007;
			packageReferences = (
				A10000000000000000000010 /* XCLocalSwiftPackageReference "Gmak8Kit" */,
				A20000000000000000000001 /* XCLocalSwiftPackageReference "Gmak8XPC" */,
				A40000000000000000000001 /* XCLocalSwiftPackageReference "Gmak8Virtualization" */,
				A60000000000000000000001 /* XCLocalSwiftPackageReference "Gmak8GuestClient" */,
				A11000000000000000000001 /* XCLocalSwiftPackageReference "Gmak8Kubernetes" */,
				A30000000000000000000001 /* XCRemoteSwiftPackageReference "swift-argument-parser" */,
				A90000000000000000000001 /* XCRemoteSwiftPackageReference "Sparkle" */,
			);
			productRefGroup = A10000000000000000000009 /* Products */;
			projectDirPath = "";
			projectRoot = "";
			targets = (
				A10000000000000000000002 /* gmak8 */,
				A1000000000000000000001B /* gmak8Tests */,
				A20000000000000000000007 /* gmak8-core */,
				A30000000000000000000009 /* gmak8-cli */,
			);
		};
/* End PBXProject section */

/* Begin PBXResourcesBuildPhase section */
		A10000000000000000000005 /* Resources */ = {
			isa = PBXResourcesBuildPhase;
			buildActionMask = 2147483647;
			files = (
			);
			runOnlyForDeploymentPostprocessing = 0;
		};
		A1000000000000000000001F /* Resources */ = {
			isa = PBXResourcesBuildPhase;
			buildActionMask = 2147483647;
			files = (
			);
			runOnlyForDeploymentPostprocessing = 0;
		};
/* End PBXResourcesBuildPhase section */

/* Begin PBXShellScriptBuildPhase section */
		A50000000000000000000001 /* Embed gvproxy */ = {
			isa = PBXShellScriptBuildPhase;
			alwaysOutOfDate = 1;
			buildActionMask = 2147483647;
			files = (
			);
			inputFileListPaths = (
			);
			inputPaths = (
				"$(SRCROOT)/../../ThirdParty/gvproxy/bin/gvproxy",
			);
			name = "Embed gvproxy";
			outputFileListPaths = (
			);
			outputPaths = (
				"$(BUILT_PRODUCTS_DIR)/$(WRAPPER_NAME)/Contents/Helpers/gvproxy",
			);
			runOnlyForDeploymentPostprocessing = 0;
			shellPath = /bin/bash;
			shellScript = "\"${SRCROOT}/../../scripts/embed-gvproxy.sh\"\n";
		};
/* End PBXShellScriptBuildPhase section */

/* Begin PBXSourcesBuildPhase section */
		A10000000000000000000003 /* Sources */ = {
			isa = PBXSourcesBuildPhase;
			buildActionMask = 2147483647;
			files = (
				A10000000000000000000015 /* Gmak8App.swift in Sources */,
				A70000000000000000000016 /* Gmak8AppDelegate.swift in Sources */,
				A10000000000000000000016 /* ContentView.swift in Sources */,
				A7000000000000000000000E /* ClusterSession.swift in Sources */,
				A70000000000000000000002 /* MenuBarIconAppearance.swift in Sources */,
				A70000000000000000000012 /* MenuBarPopover.swift in Sources */,
				A70000000000000000000005 /* QuitPolicy.swift in Sources */,
				A70000000000000000000010 /* SettingsStore.swift in Sources */,
				A70000000000000000000014 /* SettingsView.swift in Sources */,
				A80000000000000000000006 /* RecoveryView.swift in Sources */,
				A70000000000000000000008 /* StatusPresentation.swift in Sources */,
				A7000000000000000000000B /* TerminalLauncher.swift in Sources */,
				A70000000000000000000017 /* EngineClient.swift in Sources */,
				A70000000000000000000018 /* StatusText.swift in Sources */,
				A80000000000000000000004 /* OnboardingSession.swift in Sources */,
				A80000000000000000000008 /* ClusterAssetSession.swift in Sources */,
				A8000000000000000000000A /* ClusterAssetsView.swift in Sources */,
				A8000000000000000000000C /* SetupSession.swift in Sources */,
				A8000000000000000000000E /* SetupSplitView.swift in Sources */,
				A11000000000000000000009 /* MainSplitView.swift in Sources */,
				A11000000000000000000007 /* ClusterOverviewSession.swift in Sources */,
				A11000000000000000000005 /* ClusterOverviewView.swift in Sources */,
				A12000000000000000000004 /* WorkloadsSession.swift in Sources */,
				A12000000000000000000002 /* WorkloadsView.swift in Sources */,
				A12000000000000000000006 /* PodDetailView.swift in Sources */,
				A80000000000000000000002 /* OnboardingView.swift in Sources */,
				A90000000000000000000005 /* SparkleUpdateController.swift in Sources */,
			);
			runOnlyForDeploymentPostprocessing = 0;
		};
		A1000000000000000000001D /* Sources */ = {
			isa = PBXSourcesBuildPhase;
			buildActionMask = 2147483647;
			files = (
				A10000000000000000000023 /* Gmak8AppTests.swift in Sources */,
				A2000000000000000000001E /* EngineStubTests.swift in Sources */,
				A30000000000000000000017 /* CLITests.swift in Sources */,
				A30000000000000000000015 /* EngineClient.swift in Sources */,
				A30000000000000000000016 /* StatusText.swift in Sources */,
				A70000000000000000000003 /* MenuBarIconAppearance.swift in Sources */,
				A70000000000000000000006 /* QuitPolicy.swift in Sources */,
				A70000000000000000000009 /* StatusPresentation.swift in Sources */,
				A7000000000000000000000C /* TerminalLauncher.swift in Sources */,
			);
			runOnlyForDeploymentPostprocessing = 0;
		};
		A20000000000000000000008 /* Sources */ = {
			isa = PBXSourcesBuildPhase;
			buildActionMask = 2147483647;
			files = (
				A20000000000000000000006 /* main.swift in Sources */,
				A40000000000000000000005 /* CoreVirtualMachineRuntime.swift in Sources */,
			);
			runOnlyForDeploymentPostprocessing = 0;
		};
		A3000000000000000000000D /* Sources */ = {
			isa = PBXSourcesBuildPhase;
			buildActionMask = 2147483647;
			files = (
				A30000000000000000000012 /* Gmak8CLI.swift in Sources */,
				A30000000000000000000013 /* EngineClient.swift in Sources */,
				A30000000000000000000014 /* StatusText.swift in Sources */,
			);
			runOnlyForDeploymentPostprocessing = 0;
		};
/* End PBXSourcesBuildPhase section */

/* Begin PBXTargetDependency section */
		A10000000000000000000026 /* PBXTargetDependency */ = {
			isa = PBXTargetDependency;
			target = A10000000000000000000002 /* gmak8 */;
			targetProxy = A10000000000000000000027 /* PBXContainerItemProxy */;
		};
		A2000000000000000000001A /* PBXTargetDependency */ = {
			isa = PBXTargetDependency;
			target = A20000000000000000000007 /* gmak8-core */;
			targetProxy = A20000000000000000000019 /* PBXContainerItemProxy */;
		};
		A3000000000000000000001C /* PBXTargetDependency */ = {
			isa = PBXTargetDependency;
			target = A30000000000000000000009 /* gmak8-cli */;
			targetProxy = A30000000000000000000019 /* PBXContainerItemProxy */;
		};
/* End PBXTargetDependency section */

/* Begin XCBuildConfiguration section */
		A1000000000000000000000C /* Debug */ = {
			isa = XCBuildConfiguration;
			buildSettings = {
				ALWAYS_SEARCH_USER_PATHS = NO;
				ARCHS = arm64;
				CLANG_ANALYZER_NONNULL = YES;
				CLANG_ANALYZER_NUMBER_OBJECT_CONVERSION = YES_AGGRESSIVE;
				CLANG_CXX_LANGUAGE_STANDARD = "gnu++20";
				CLANG_ENABLE_MODULES = YES;
				CLANG_ENABLE_OBJC_ARC = YES;
				CLANG_ENABLE_OBJC_WEAK = YES;
				CLANG_WARN_BLOCK_CAPTURE_AUTORELEASING = YES;
				CLANG_WARN_BOOL_CONVERSION = YES;
				CLANG_WARN_COMMA = YES;
				CLANG_WARN_CONSTANT_CONVERSION = YES;
				CLANG_WARN_DEPRECATED_OBJC_IMPLEMENTATIONS = YES;
				CLANG_WARN_DIRECT_OBJC_ISA_USAGE = YES_ERROR;
				CLANG_WARN_DOCUMENTATION_COMMENTS = YES;
				CLANG_WARN_EMPTY_BODY = YES;
				CLANG_WARN_ENUM_CONVERSION = YES;
				CLANG_WARN_INFINITE_RECURSION = YES;
				CLANG_WARN_INT_CONVERSION = YES;
				CLANG_WARN_NON_LITERAL_NULL_CONVERSION = YES;
				CLANG_WARN_OBJC_IMPLICIT_RETAIN_SELF = YES;
				CLANG_WARN_OBJC_LITERAL_CONVERSION = YES;
				CLANG_WARN_OBJC_ROOT_CLASS = YES_ERROR;
				CLANG_WARN_QUOTED_INCLUDE_IN_FRAMEWORK_HEADER = YES;
				CLANG_WARN_RANGE_LOOP_ANALYSIS = YES;
				CLANG_WARN_STRICT_PROTOTYPES = YES;
				CLANG_WARN_SUSPICIOUS_MOVE = YES;
				CLANG_WARN_UNGUARDED_AVAILABILITY = YES_AGGRESSIVE;
				CLANG_WARN_UNREACHABLE_CODE = YES;
				CLANG_WARN__DUPLICATE_METHOD_MATCH = YES;
				COPY_PHASE_STRIP = NO;
				DEBUG_INFORMATION_FORMAT = dwarf;
				ENABLE_STRICT_OBJC_MSGSEND = YES;
				ENABLE_TESTABILITY = YES;
				ENABLE_USER_SCRIPT_SANDBOXING = YES;
				EXCLUDED_ARCHS = "x86_64 i386";
				GCC_C_LANGUAGE_STANDARD = gnu17;
				GCC_DYNAMIC_NO_PIC = NO;
				GCC_NO_COMMON_BLOCKS = YES;
				GCC_OPTIMIZATION_LEVEL = 0;
				GCC_PREPROCESSOR_DEFINITIONS = (
					"DEBUG=1",
					"$(inherited)",
				);
				GCC_WARN_64_TO_32_BIT_CONVERSION = YES;
				GCC_WARN_ABOUT_RETURN_TYPE = YES_ERROR;
				GCC_WARN_UNDECLARED_SELECTOR = YES;
				GCC_WARN_UNINITIALIZED_AUTOS = YES_AGGRESSIVE;
				GCC_WARN_UNUSED_FUNCTION = YES;
				GCC_WARN_UNUSED_VARIABLE = YES;
				MACOSX_DEPLOYMENT_TARGET = 14.0;
				MTL_ENABLE_DEBUG_INFO = INCLUDE_SOURCE;
				ONLY_ACTIVE_ARCH = YES;
				SDKROOT = macosx;
				SWIFT_ACTIVE_COMPILATION_CONDITIONS = "DEBUG $(inherited)";
				SWIFT_OPTIMIZATION_LEVEL = "-Onone";
				SWIFT_STRICT_CONCURRENCY = complete;
				SWIFT_VERSION = 6.0;
			};
			name = Debug;
		};
		A1000000000000000000000D /* Release */ = {
			isa = XCBuildConfiguration;
			buildSettings = {
				ALWAYS_SEARCH_USER_PATHS = NO;
				ARCHS = arm64;
				CLANG_ANALYZER_NONNULL = YES;
				CLANG_ANALYZER_NUMBER_OBJECT_CONVERSION = YES_AGGRESSIVE;
				CLANG_CXX_LANGUAGE_STANDARD = "gnu++20";
				CLANG_ENABLE_MODULES = YES;
				CLANG_ENABLE_OBJC_ARC = YES;
				CLANG_ENABLE_OBJC_WEAK = YES;
				CLANG_WARN_BLOCK_CAPTURE_AUTORELEASING = YES;
				CLANG_WARN_BOOL_CONVERSION = YES;
				CLANG_WARN_COMMA = YES;
				CLANG_WARN_CONSTANT_CONVERSION = YES;
				CLANG_WARN_DEPRECATED_OBJC_IMPLEMENTATIONS = YES;
				CLANG_WARN_DIRECT_OBJC_ISA_USAGE = YES_ERROR;
				CLANG_WARN_DOCUMENTATION_COMMENTS = YES;
				CLANG_WARN_EMPTY_BODY = YES;
				CLANG_WARN_ENUM_CONVERSION = YES;
				CLANG_WARN_INFINITE_RECURSION = YES;
				CLANG_WARN_INT_CONVERSION = YES;
				CLANG_WARN_NON_LITERAL_NULL_CONVERSION = YES;
				CLANG_WARN_OBJC_IMPLICIT_RETAIN_SELF = YES;
				CLANG_WARN_OBJC_LITERAL_CONVERSION = YES;
				CLANG_WARN_OBJC_ROOT_CLASS = YES_ERROR;
				CLANG_WARN_QUOTED_INCLUDE_IN_FRAMEWORK_HEADER = YES;
				CLANG_WARN_RANGE_LOOP_ANALYSIS = YES;
				CLANG_WARN_STRICT_PROTOTYPES = YES;
				CLANG_WARN_SUSPICIOUS_MOVE = YES;
				CLANG_WARN_UNGUARDED_AVAILABILITY = YES_AGGRESSIVE;
				CLANG_WARN_UNREACHABLE_CODE = YES;
				CLANG_WARN__DUPLICATE_METHOD_MATCH = YES;
				COPY_PHASE_STRIP = NO;
				DEBUG_INFORMATION_FORMAT = "dwarf-with-dsym";
				ENABLE_NS_ASSERTIONS = NO;
				ENABLE_STRICT_OBJC_MSGSEND = YES;
				ENABLE_USER_SCRIPT_SANDBOXING = YES;
				EXCLUDED_ARCHS = "x86_64 i386";
				GCC_C_LANGUAGE_STANDARD = gnu17;
				GCC_NO_COMMON_BLOCKS = YES;
				GCC_WARN_64_TO_32_BIT_CONVERSION = YES;
				GCC_WARN_ABOUT_RETURN_TYPE = YES_ERROR;
				GCC_WARN_UNDECLARED_SELECTOR = YES;
				GCC_WARN_UNINITIALIZED_AUTOS = YES_AGGRESSIVE;
				GCC_WARN_UNUSED_FUNCTION = YES;
				GCC_WARN_UNUSED_VARIABLE = YES;
				MACOSX_DEPLOYMENT_TARGET = 14.0;
				MTL_ENABLE_DEBUG_INFO = NO;
				SDKROOT = macosx;
				SWIFT_COMPILATION_MODE = wholemodule;
				SWIFT_STRICT_CONCURRENCY = complete;
				SWIFT_VERSION = 6.0;
			};
			name = Release;
		};
		A1000000000000000000000E /* Debug */ = {
			isa = XCBuildConfiguration;
			buildSettings = {
				ARCHS = arm64;
				CODE_SIGN_ENTITLEMENTS = Entitlements/gmak8.entitlements;
				CODE_SIGN_IDENTITY = "-";
				CODE_SIGN_STYLE = Automatic;
				COMBINE_HIDPI_IMAGES = YES;
				CURRENT_PROJECT_VERSION = 1;
				DEVELOPMENT_TEAM = "";
				ENABLE_APP_SANDBOX = NO;
				ENABLE_HARDENED_RUNTIME = NO;
				ENABLE_PREVIEWS = YES;
				GENERATE_INFOPLIST_FILE = YES;
				INFOPLIST_FILE = App/Info.plist;
				INFOPLIST_KEY_CFBundleDisplayName = gmak8;
				INFOPLIST_KEY_LSApplicationCategoryType = "public.app-category.developer-tools";
				INFOPLIST_KEY_NSAppleEventsUsageDescription = "gmak8 opens Terminal with KUBECONFIG set to your cluster.";
				INFOPLIST_KEY_NSHumanReadableCopyright = "Copyright © 2026 gmak8 contributors";
				LD_RUNPATH_SEARCH_PATHS = (
					"$(inherited)",
					"@executable_path/../Frameworks",
				);
				MACOSX_DEPLOYMENT_TARGET = 14.0;
				MARKETING_VERSION = 0.0.1;
				PRODUCT_BUNDLE_IDENTIFIER = dev.gmak8.app;
				PRODUCT_MODULE_NAME = Gmak8;
				PRODUCT_NAME = gmak8;
				SDKROOT = macosx;
				SUPPORTED_PLATFORMS = macosx;
				SUPPORTS_MACCATALYST = NO;
				SWIFT_EMIT_LOC_STRINGS = YES;
				SWIFT_VERSION = 6.0;
			};
			name = Debug;
		};
		A1000000000000000000000F /* Release */ = {
			isa = XCBuildConfiguration;
			buildSettings = {
				ARCHS = arm64;
				CODE_SIGN_ENTITLEMENTS = Entitlements/gmak8.entitlements;
				CODE_SIGN_IDENTITY = "-";
				CODE_SIGN_STYLE = Automatic;
				COMBINE_HIDPI_IMAGES = YES;
				CURRENT_PROJECT_VERSION = 1;
				DEVELOPMENT_TEAM = "";
				ENABLE_APP_SANDBOX = NO;
				ENABLE_HARDENED_RUNTIME = NO;
				ENABLE_PREVIEWS = YES;
				GENERATE_INFOPLIST_FILE = YES;
				INFOPLIST_FILE = App/Info.plist;
				INFOPLIST_KEY_CFBundleDisplayName = gmak8;
				INFOPLIST_KEY_LSApplicationCategoryType = "public.app-category.developer-tools";
				INFOPLIST_KEY_NSAppleEventsUsageDescription = "gmak8 opens Terminal with KUBECONFIG set to your cluster.";
				INFOPLIST_KEY_NSHumanReadableCopyright = "Copyright © 2026 gmak8 contributors";
				LD_RUNPATH_SEARCH_PATHS = (
					"$(inherited)",
					"@executable_path/../Frameworks",
				);
				MACOSX_DEPLOYMENT_TARGET = 14.0;
				MARKETING_VERSION = 0.0.1;
				PRODUCT_BUNDLE_IDENTIFIER = dev.gmak8.app;
				PRODUCT_MODULE_NAME = Gmak8;
				PRODUCT_NAME = gmak8;
				SDKROOT = macosx;
				SUPPORTED_PLATFORMS = macosx;
				SUPPORTS_MACCATALYST = NO;
				SWIFT_EMIT_LOC_STRINGS = YES;
				SWIFT_VERSION = 6.0;
			};
			name = Release;
		};
		A10000000000000000000021 /* Debug */ = {
			isa = XCBuildConfiguration;
			buildSettings = {
				ARCHS = arm64;
				CODE_SIGN_IDENTITY = "-";
				CODE_SIGN_STYLE = Automatic;
				CURRENT_PROJECT_VERSION = 1;
				DEVELOPMENT_TEAM = "";
				GENERATE_INFOPLIST_FILE = YES;
				LD_RUNPATH_SEARCH_PATHS = (
					"$(inherited)",
					"@executable_path/../Frameworks",
					"@loader_path/../Frameworks",
				);
				MACOSX_DEPLOYMENT_TARGET = 14.0;
				MARKETING_VERSION = 0.0.1;
				PRODUCT_BUNDLE_IDENTIFIER = dev.gmak8.app.tests;
				PRODUCT_NAME = "$(TARGET_NAME)";
				SDKROOT = macosx;
				SUPPORTED_PLATFORMS = macosx;
				SWIFT_EMIT_LOC_STRINGS = NO;
				SWIFT_VERSION = 6.0;
			};
			name = Debug;
		};
		A10000000000000000000022 /* Release */ = {
			isa = XCBuildConfiguration;
			buildSettings = {
				ARCHS = arm64;
				CODE_SIGN_IDENTITY = "-";
				CODE_SIGN_STYLE = Automatic;
				CURRENT_PROJECT_VERSION = 1;
				DEVELOPMENT_TEAM = "";
				GENERATE_INFOPLIST_FILE = YES;
				LD_RUNPATH_SEARCH_PATHS = (
					"$(inherited)",
					"@executable_path/../Frameworks",
					"@loader_path/../Frameworks",
				);
				MACOSX_DEPLOYMENT_TARGET = 14.0;
				MARKETING_VERSION = 0.0.1;
				PRODUCT_BUNDLE_IDENTIFIER = dev.gmak8.app.tests;
				PRODUCT_NAME = "$(TARGET_NAME)";
				SDKROOT = macosx;
				SUPPORTED_PLATFORMS = macosx;
				SWIFT_EMIT_LOC_STRINGS = NO;
				SWIFT_VERSION = 6.0;
			};
			name = Release;
		};
		A2000000000000000000000A /* Debug */ = {
			isa = XCBuildConfiguration;
			buildSettings = {
				ARCHS = arm64;
				CODE_SIGN_ENTITLEMENTS = "Entitlements/gmak8-core.entitlements";
				CODE_SIGN_IDENTITY = "-";
				CODE_SIGN_STYLE = Automatic;
				CREATE_INFOPLIST_SECTION_IN_BINARY = YES;
				CURRENT_PROJECT_VERSION = 1;
				DEVELOPMENT_TEAM = "";
				ENABLE_APP_SANDBOX = NO;
				ENABLE_HARDENED_RUNTIME = NO;
				GENERATE_INFOPLIST_FILE = YES;
				LD_RUNPATH_SEARCH_PATHS = (
					"$(inherited)",
					"@executable_path/../Frameworks",
					"@executable_path",
				);
				MACOSX_DEPLOYMENT_TARGET = 14.0;
				MARKETING_VERSION = 0.0.1;
				PRODUCT_BUNDLE_IDENTIFIER = dev.gmak8.core;
				PRODUCT_MODULE_NAME = Gmak8Core;
				PRODUCT_NAME = "gmak8-core";
				SDKROOT = macosx;
				SKIP_INSTALL = YES;
				SUPPORTED_PLATFORMS = macosx;
				SWIFT_EMIT_LOC_STRINGS = NO;
				SWIFT_VERSION = 6.0;
			};
			name = Debug;
		};
		A2000000000000000000000B /* Release */ = {
			isa = XCBuildConfiguration;
			buildSettings = {
				ARCHS = arm64;
				CODE_SIGN_ENTITLEMENTS = "Entitlements/gmak8-core.entitlements";
				CODE_SIGN_IDENTITY = "-";
				CODE_SIGN_STYLE = Automatic;
				CREATE_INFOPLIST_SECTION_IN_BINARY = YES;
				CURRENT_PROJECT_VERSION = 1;
				DEVELOPMENT_TEAM = "";
				ENABLE_APP_SANDBOX = NO;
				ENABLE_HARDENED_RUNTIME = NO;
				GENERATE_INFOPLIST_FILE = YES;
				LD_RUNPATH_SEARCH_PATHS = (
					"$(inherited)",
					"@executable_path/../Frameworks",
					"@executable_path",
				);
				MACOSX_DEPLOYMENT_TARGET = 14.0;
				MARKETING_VERSION = 0.0.1;
				PRODUCT_BUNDLE_IDENTIFIER = dev.gmak8.core;
				PRODUCT_MODULE_NAME = Gmak8Core;
				PRODUCT_NAME = "gmak8-core";
				SDKROOT = macosx;
				SKIP_INSTALL = YES;
				SUPPORTED_PLATFORMS = macosx;
				SWIFT_EMIT_LOC_STRINGS = NO;
				SWIFT_VERSION = 6.0;
			};
			name = Release;
		};
		A3000000000000000000000A /* Debug */ = {
			isa = XCBuildConfiguration;
			buildSettings = {
				ARCHS = arm64;
				CODE_SIGN_IDENTITY = "-";
				CODE_SIGN_STYLE = Automatic;
				CREATE_INFOPLIST_SECTION_IN_BINARY = YES;
				CURRENT_PROJECT_VERSION = 1;
				DEVELOPMENT_TEAM = "";
				ENABLE_APP_SANDBOX = NO;
				ENABLE_HARDENED_RUNTIME = NO;
				GENERATE_INFOPLIST_FILE = YES;
				LD_RUNPATH_SEARCH_PATHS = (
					"$(inherited)",
					"@executable_path/../Frameworks",
					"@executable_path",
				);
				MACOSX_DEPLOYMENT_TARGET = 14.0;
				MARKETING_VERSION = 0.0.1;
				PRODUCT_BUNDLE_IDENTIFIER = dev.gmak8.cli;
				PRODUCT_MODULE_NAME = Gmak8CLI;
				PRODUCT_NAME = gmak8;
				SDKROOT = macosx;
				SKIP_INSTALL = YES;
				SUPPORTED_PLATFORMS = macosx;
				SWIFT_EMIT_LOC_STRINGS = NO;
				SWIFT_VERSION = 6.0;
			};
			name = Debug;
		};
		A3000000000000000000000B /* Release */ = {
			isa = XCBuildConfiguration;
			buildSettings = {
				ARCHS = arm64;
				CODE_SIGN_IDENTITY = "-";
				CODE_SIGN_STYLE = Automatic;
				CREATE_INFOPLIST_SECTION_IN_BINARY = YES;
				CURRENT_PROJECT_VERSION = 1;
				DEVELOPMENT_TEAM = "";
				ENABLE_APP_SANDBOX = NO;
				ENABLE_HARDENED_RUNTIME = NO;
				GENERATE_INFOPLIST_FILE = YES;
				LD_RUNPATH_SEARCH_PATHS = (
					"$(inherited)",
					"@executable_path/../Frameworks",
					"@executable_path",
				);
				MACOSX_DEPLOYMENT_TARGET = 14.0;
				MARKETING_VERSION = 0.0.1;
				PRODUCT_BUNDLE_IDENTIFIER = dev.gmak8.cli;
				PRODUCT_MODULE_NAME = Gmak8CLI;
				PRODUCT_NAME = gmak8;
				SDKROOT = macosx;
				SKIP_INSTALL = YES;
				SUPPORTED_PLATFORMS = macosx;
				SWIFT_EMIT_LOC_STRINGS = NO;
				SWIFT_VERSION = 6.0;
			};
			name = Release;
		};
/* End XCBuildConfiguration section */

/* Begin XCConfigurationList section */
		A1000000000000000000000A /* Build configuration list for PBXProject "gmak8" */ = {
			isa = XCConfigurationList;
			buildConfigurations = (
				A1000000000000000000000C /* Debug */,
				A1000000000000000000000D /* Release */,
			);
			defaultConfigurationIsVisible = 0;
			defaultConfigurationName = Release;
		};
		A1000000000000000000000B /* Build configuration list for PBXNativeTarget "gmak8" */ = {
			isa = XCConfigurationList;
			buildConfigurations = (
				A1000000000000000000000E /* Debug */,
				A1000000000000000000000F /* Release */,
			);
			defaultConfigurationIsVisible = 0;
			defaultConfigurationName = Release;
		};
		A10000000000000000000020 /* Build configuration list for PBXNativeTarget "gmak8Tests" */ = {
			isa = XCConfigurationList;
			buildConfigurations = (
				A10000000000000000000021 /* Debug */,
				A10000000000000000000022 /* Release */,
			);
			defaultConfigurationIsVisible = 0;
			defaultConfigurationName = Release;
		};
		A2000000000000000000000C /* Build configuration list for PBXNativeTarget "gmak8-core" */ = {
			isa = XCConfigurationList;
			buildConfigurations = (
				A2000000000000000000000A /* Debug */,
				A2000000000000000000000B /* Release */,
			);
			defaultConfigurationIsVisible = 0;
			defaultConfigurationName = Release;
		};
		A3000000000000000000000C /* Build configuration list for PBXNativeTarget "gmak8-cli" */ = {
			isa = XCConfigurationList;
			buildConfigurations = (
				A3000000000000000000000A /* Debug */,
				A3000000000000000000000B /* Release */,
			);
			defaultConfigurationIsVisible = 0;
			defaultConfigurationName = Release;
		};
/* End XCConfigurationList section */

/* Begin XCLocalSwiftPackageReference section */
		A10000000000000000000010 /* XCLocalSwiftPackageReference "Gmak8Kit" */ = {
			isa = XCLocalSwiftPackageReference;
			relativePath = ../../Packages/Gmak8Kit;
		};
		A20000000000000000000001 /* XCLocalSwiftPackageReference "Gmak8XPC" */ = {
			isa = XCLocalSwiftPackageReference;
			relativePath = ../../Packages/Gmak8XPC;
		};
		A40000000000000000000001 /* XCLocalSwiftPackageReference "Gmak8Virtualization" */ = {
			isa = XCLocalSwiftPackageReference;
			relativePath = ../../Packages/Gmak8Virtualization;
		};
		A60000000000000000000001 /* XCLocalSwiftPackageReference "Gmak8GuestClient" */ = {
			isa = XCLocalSwiftPackageReference;
			relativePath = ../../Packages/Gmak8GuestClient;
		};
		A11000000000000000000001 /* XCLocalSwiftPackageReference "Gmak8Kubernetes" */ = {
			isa = XCLocalSwiftPackageReference;
			relativePath = ../../Packages/Gmak8Kubernetes;
		};
/* End XCLocalSwiftPackageReference section */

/* Begin XCRemoteSwiftPackageReference section */
		A30000000000000000000001 /* XCRemoteSwiftPackageReference "swift-argument-parser" */ = {
			isa = XCRemoteSwiftPackageReference;
			repositoryURL = "https://github.com/apple/swift-argument-parser";
			requirement = {
				kind = upToNextMajorVersion;
				minimumVersion = 1.5.0;
			};
		};
		A90000000000000000000001 /* XCRemoteSwiftPackageReference "Sparkle" */ = {
			isa = XCRemoteSwiftPackageReference;
			repositoryURL = "https://github.com/sparkle-project/Sparkle";
			requirement = {
				kind = upToNextMajorVersion;
				minimumVersion = 2.6.4;
			};
		};
/* End XCRemoteSwiftPackageReference section */

/* Begin XCSwiftPackageProductDependency section */
		A10000000000000000000011 /* Gmak8Kit */ = {
			isa = XCSwiftPackageProductDependency;
			package = A10000000000000000000010 /* XCLocalSwiftPackageReference "Gmak8Kit" */;
			productName = Gmak8Kit;
		};
		A10000000000000000000025 /* Gmak8Kit */ = {
			isa = XCSwiftPackageProductDependency;
			package = A10000000000000000000010 /* XCLocalSwiftPackageReference "Gmak8Kit" */;
			productName = Gmak8Kit;
		};
		A20000000000000000000002 /* Gmak8XPC */ = {
			isa = XCSwiftPackageProductDependency;
			package = A20000000000000000000001 /* XCLocalSwiftPackageReference "Gmak8XPC" */;
			productName = Gmak8XPC;
		};
		A2000000000000000000000D /* Gmak8XPC */ = {
			isa = XCSwiftPackageProductDependency;
			package = A20000000000000000000001 /* XCLocalSwiftPackageReference "Gmak8XPC" */;
			productName = Gmak8XPC;
		};
		A2000000000000000000000F /* Gmak8Kit */ = {
			isa = XCSwiftPackageProductDependency;
			package = A10000000000000000000010 /* XCLocalSwiftPackageReference "Gmak8Kit" */;
			productName = Gmak8Kit;
		};
		A2000000000000000000001B /* Gmak8XPC */ = {
			isa = XCSwiftPackageProductDependency;
			package = A20000000000000000000001 /* XCLocalSwiftPackageReference "Gmak8XPC" */;
			productName = Gmak8XPC;
		};
		A30000000000000000000002 /* ArgumentParser */ = {
			isa = XCSwiftPackageProductDependency;
			package = A30000000000000000000001 /* XCRemoteSwiftPackageReference "swift-argument-parser" */;
			productName = ArgumentParser;
		};
		A3000000000000000000001D /* Gmak8Kit */ = {
			isa = XCSwiftPackageProductDependency;
			package = A10000000000000000000010 /* XCLocalSwiftPackageReference "Gmak8Kit" */;
			productName = Gmak8Kit;
		};
		A3000000000000000000001E /* Gmak8XPC */ = {
			isa = XCSwiftPackageProductDependency;
			package = A20000000000000000000001 /* XCLocalSwiftPackageReference "Gmak8XPC" */;
			productName = Gmak8XPC;
		};
		A40000000000000000000002 /* Gmak8Virtualization */ = {
			isa = XCSwiftPackageProductDependency;
			package = A40000000000000000000001 /* XCLocalSwiftPackageReference "Gmak8Virtualization" */;
			productName = Gmak8Virtualization;
		};
		A60000000000000000000002 /* Gmak8GuestClient */ = {
			isa = XCSwiftPackageProductDependency;
			package = A60000000000000000000001 /* XCLocalSwiftPackageReference "Gmak8GuestClient" */;
			productName = Gmak8GuestClient;
		};
		A90000000000000000000002 /* Sparkle */ = {
			isa = XCSwiftPackageProductDependency;
			package = A90000000000000000000001 /* XCRemoteSwiftPackageReference "Sparkle" */;
			productName = Sparkle;
		};
		A11000000000000000000002 /* Gmak8Kubernetes */ = {
			isa = XCSwiftPackageProductDependency;
			package = A11000000000000000000001 /* XCLocalSwiftPackageReference "Gmak8Kubernetes" */;
			productName = Gmak8Kubernetes;
		};
		A1100000000000000000000A /* Gmak8Kubernetes */ = {
			isa = XCSwiftPackageProductDependency;
			package = A11000000000000000000001 /* XCLocalSwiftPackageReference "Gmak8Kubernetes" */;
			productName = Gmak8Kubernetes;
		};
/* End XCSwiftPackageProductDependency section */
	};
	rootObject = A10000000000000000000001 /* Project object */;
}
